{
  "name": "weblurch",
  "version": "0.0.0",
  "lockfileVersion": 1,
  "requires": true,
  "dependencies": {
    "align-text": {
      "version": "0.1.4",
      "resolved": "https://registry.npmjs.org/align-text/-/align-text-0.1.4.tgz",
      "integrity": "sha1-DNkKVhCT810KmSVsIrcGlDP60Rc=",
      "requires": {
        "kind-of": "^3.0.2",
        "longest": "^1.0.1",
        "repeat-string": "^1.5.2"
      }
    },
    "async": {
      "version": "0.2.10",
      "resolved": "http://registry.npmjs.org/async/-/async-0.2.10.tgz",
      "integrity": "sha1-trvgsGdLnXGXCMo43owjfLUmw9E="
    },
    "balanced-match": {
      "version": "1.0.0",
      "resolved": "https://registry.npmjs.org/balanced-match/-/balanced-match-1.0.0.tgz",
      "integrity": "sha1-ibTRmasr7kneFk6gK4nORi1xt2c="
    },
    "bindings": {
      "version": "1.3.0",
      "resolved": "https://registry.npmjs.org/bindings/-/bindings-1.3.0.tgz",
      "integrity": "sha512-DpLh5EzMR2kzvX1KIlVC0VkC3iZtHKTgdtZ0a3pglBZdaQFjt5S9g9xd1lE+YvXyfd6mtCeRnrUfOLYiTMlNSw=="
    },
    "brace-expansion": {
      "version": "1.1.11",
      "resolved": "https://registry.npmjs.org/brace-expansion/-/brace-expansion-1.1.11.tgz",
      "integrity": "sha512-iCuPHDFgrHX7H2vEI/5xpz07zSHB00TpugqhmYtVmMO6518mCuRMoOYFldEBl0g187ufozdaHgWKcYFb61qGiA==",
      "requires": {
        "balanced-match": "^1.0.0",
        "concat-map": "0.0.1"
      }
    },
    "camelcase": {
      "version": "1.2.1",
      "resolved": "https://registry.npmjs.org/camelcase/-/camelcase-1.2.1.tgz",
      "integrity": "sha1-m7UwTS4LVmmLLHWLCKPqqdqlijk="
    },
    "center-align": {
      "version": "0.1.3",
      "resolved": "https://registry.npmjs.org/center-align/-/center-align-0.1.3.tgz",
      "integrity": "sha1-qg0yYptu6XIgBBHL1EYckHvCt60=",
      "requires": {
        "align-text": "^0.1.3",
        "lazy-cache": "^1.0.3"
      }
    },
    "cliui": {
      "version": "2.1.0",
      "resolved": "https://registry.npmjs.org/cliui/-/cliui-2.1.0.tgz",
      "integrity": "sha1-S0dXYP+AJkx2LDoXGQMukcf+oNE=",
      "requires": {
        "center-align": "^0.1.1",
        "right-align": "^0.1.1",
        "wordwrap": "0.0.2"
      }
    },
    "coffee-script": {
      "version": "1.8.0",
      "resolved": "https://registry.npmjs.org/coffee-script/-/coffee-script-1.8.0.tgz",
      "integrity": "sha1-nJ8dK0pSoADe0Vtll5FwNkgmPB0=",
      "requires": {
        "mkdirp": "~0.3.5"
      },
      "dependencies": {
        "mkdirp": {
          "version": "0.3.5",
          "resolved": "https://registry.npmjs.org/mkdirp/-/mkdirp-0.3.5.tgz",
          "integrity": "sha1-3j5fiWHIjHh+4TaN+EmsRBPsqNc="
        }
      }
    },
    "colors": {
      "version": "1.0.3",
      "resolved": "https://registry.npmjs.org/colors/-/colors-1.0.3.tgz",
      "integrity": "sha1-BDP0TYCWgP3rYO0mDxsMJi6CpAs="
    },
    "concat-map": {
      "version": "0.0.1",
      "resolved": "https://registry.npmjs.org/concat-map/-/concat-map-0.0.1.tgz",
      "integrity": "sha1-2Klr13/Wjfd5OnMDajug1UBdR3s="
    },
    "cpus": {
      "version": "1.0.0",
      "resolved": "https://registry.npmjs.org/cpus/-/cpus-1.0.0.tgz",
      "integrity": "sha1-2ccnkQpqPnv+K7MMlZE4ewF7hb0="
    },
    "decamelize": {
      "version": "1.2.0",
      "resolved": "https://registry.npmjs.org/decamelize/-/decamelize-1.2.0.tgz",
      "integrity": "sha1-9lNNFRSCabIDUue+4m9QH5oZEpA="
    },
    "earley-parser": {
      "version": "1.2.0",
      "resolved": "https://registry.npmjs.org/earley-parser/-/earley-parser-1.2.0.tgz",
      "integrity": "sha512-v9JlUvAAZxftQ1MnBJ8xC26tQdtFf1uxba4+GxyV9S5iHQoZKlIXUxnA/H1JyVtkajvxKAzhTPTLGRKyK2zdag==",
      "requires": {
        "coffee-script": "1.8.0",
        "jasmine-node": "1.15.0",
        "openmath-js": "^1.1.0"
      },
      "dependencies": {
        "coffeescript": {
          "version": "2.3.2",
          "resolved": "https://registry.npmjs.org/coffeescript/-/coffeescript-2.3.2.tgz",
          "integrity": "sha512-YObiFDoukx7qPBi/K0kUKyntEZDfBQiqs/DbrR1xzASKOBjGT7auD85/DiPeRr9k++lRj7l3uA9TNMLfyfcD/Q=="
        },
        "jasmine-node": {
          "version": "1.15.0",
          "resolved": "https://registry.npmjs.org/jasmine-node/-/jasmine-node-1.15.0.tgz",
          "integrity": "sha512-W8ehdkjov8kaVEdGmqmfobuJk04NmYarfVKAl/HUeVsCxP+E25pcW+l6Y46yXMthjj+3Qi3gaWkC+LU8toqa2w==",
          "requires": {
            "coffeescript": ">=1.0.1",
            "gaze": "~1.1.2",
            "jasmine-growl-reporter": "~1.0.1",
            "jasmine-reporters": "~1.0.0",
            "mkdirp": "~0.3.5",
            "requirejs": ">=0.27.1",
            "underscore": ">= 1.3.1",
            "walkdir": ">= 0.0.1"
          }
        },
        "jasmine-reporters": {
          "version": "1.0.2",
          "resolved": "https://registry.npmjs.org/jasmine-reporters/-/jasmine-reporters-1.0.2.tgz",
          "integrity": "sha1-q2E+1Zd9x0h+hbPBL2qOqNsq3jE=",
          "requires": {
            "mkdirp": "~0.3.5"
          }
        },
        "openmath-js": {
          "version": "1.1.0",
          "resolved": "https://registry.npmjs.org/openmath-js/-/openmath-js-1.1.0.tgz",
          "integrity": "sha512-9KNsN9KY0nOXWy7DK8Sfmjgp24M776PYjKObViz5QyWfaarIg4z8JmYcB/4Fq657TYcTVUDjl6EHXMin3Jhq+w==",
          "requires": {
            "coffee-script": "1.8.0",
            "jasmine-node": "1.15.0"
          }
        }
      }
    },
    "fs.realpath": {
      "version": "1.0.0",
      "resolved": "https://registry.npmjs.org/fs.realpath/-/fs.realpath-1.0.0.tgz",
      "integrity": "sha1-FQStJSMVjKpA20onh8sBQRmU6k8="
    },
    "gaze": {
      "version": "1.1.3",
      "resolved": "https://registry.npmjs.org/gaze/-/gaze-1.1.3.tgz",
      "integrity": "sha512-BRdNm8hbWzFzWHERTrejLqwHDfS4GibPoq5wjTPIoJHoBtKGPg3xAFfxmM+9ztbXelxcf2hwQcaz1PtmFeue8g==",
      "requires": {
        "globule": "^1.0.0"
      }
    },
    "glob": {
      "version": "7.1.3",
      "resolved": "https://registry.npmjs.org/glob/-/glob-7.1.3.tgz",
      "integrity": "sha512-vcfuiIxogLV4DlGBHIUOwI0IbrJ8HWPc4MU7HzviGeNho/UJDfi6B5p3sHeWIQ0KGIU0Jpxi5ZHxemQfLkkAwQ==",
      "requires": {
        "fs.realpath": "^1.0.0",
        "inflight": "^1.0.4",
        "inherits": "2",
        "minimatch": "^3.0.4",
        "once": "^1.3.0",
        "path-is-absolute": "^1.0.0"
      }
    },
    "globule": {
      "version": "1.2.1",
      "resolved": "https://registry.npmjs.org/globule/-/globule-1.2.1.tgz",
      "integrity": "sha512-g7QtgWF4uYSL5/dn71WxubOrS7JVGCnFPEnoeChJmBnyR9Mw8nGoEwOgJL/RC2Te0WhbsEUCejfH8SZNJ+adYQ==",
      "requires": {
        "glob": "~7.1.1",
        "lodash": "~4.17.10",
        "minimatch": "~3.0.2"
      }
    },
    "growl": {
      "version": "1.10.0",
      "resolved": "https://registry.npmjs.org/growl/-/growl-1.10.0.tgz",
      "integrity": "sha512-ElsQbgadAZdhC8L+hx4RJu6fDe5uPCaRjdw8CvD39VYemGQT9CSiLdRAEYFWVIlCbPNlw+G4AbqBhQJF2qyHdg=="
    },
    "grunt-exec": {
      "version": "0.4.7",
      "resolved": "https://registry.npmjs.org/grunt-exec/-/grunt-exec-0.4.7.tgz",
      "integrity": "sha1-QAUf+k6wyWV+BTuV6I1ENSocLCU="
    },
    "inflight": {
      "version": "1.0.6",
      "resolved": "https://registry.npmjs.org/inflight/-/inflight-1.0.6.tgz",
      "integrity": "sha1-Sb1jMdfQLQwJvJEKEHW6gWW1bfk=",
      "requires": {
        "once": "^1.3.0",
        "wrappy": "1"
      }
    },
    "inherits": {
      "version": "2.0.3",
      "resolved": "https://registry.npmjs.org/inherits/-/inherits-2.0.3.tgz",
      "integrity": "sha1-Yzwsg+PaQqUC9SRmAiSA9CCCYd4="
    },
    "is-buffer": {
      "version": "1.1.6",
      "resolved": "https://registry.npmjs.org/is-buffer/-/is-buffer-1.1.6.tgz",
      "integrity": "sha512-NcdALwpXkTm5Zvvbk7owOUSvVvBKDgKP5/ewfXEznmQFfs4ZRmanOeKBTjRVjka3QFoN6XJ+9F3USqfHqTaU5w=="
    },
    "jasmine-growl-reporter": {
      "version": "1.0.3",
      "resolved": "https://registry.npmjs.org/jasmine-growl-reporter/-/jasmine-growl-reporter-1.0.3.tgz",
      "integrity": "sha512-WediiANO4FybZwfvK6a3uzm8O5iOanOcpJfFN4PnOFpf3Lolg0qgGwpwqqwFv2aGVaTWoBYKzSXzXDHYH6Badg==",
      "requires": {
        "growl": "1.10.0"
      }
    },
    "jasmine-node": {
      "version": "2.0.1",
      "resolved": "https://registry.npmjs.org/jasmine-node/-/jasmine-node-2.0.1.tgz",
      "integrity": "sha512-1S5Z4Mof5yxwqLIApzyo2pV5WN2kRpTSgICvEo3+rJmKve9P94kolzC9eS0u5cyiT+gxBY2mwOQdxLbkhwKzoA==",
      "requires": {
        "coffee-script": "~1.7.1",
        "gaze": "~1.1.2",
        "grunt-exec": "~0.4.5",
        "jasmine-growl-reporter": "~1.0.1",
        "jasmine-reporters": "git://github.com/larrymyers/jasmine-reporters.git#2c7242dc11c15c2f156169bc704798568b8cb50d",
        "minimist": "~0.0.8",
        "mkdirp": "~0.3.5",
        "underscore": "~1.6.0",
        "walkdir": "~0.0.7",
        "xml2js": "~0.4.1"
      },
      "dependencies": {
        "coffee-script": {
          "version": "1.7.1",
          "resolved": "https://registry.npmjs.org/coffee-script/-/coffee-script-1.7.1.tgz",
          "integrity": "sha1-YplqhheAx15tUGnROCJyO3NAS/w=",
          "requires": {
            "mkdirp": "~0.3.5"
          }
        }
      }
    },
    "jasmine-reporters": {
      "version": "git://github.com/larrymyers/jasmine-reporters.git#2c7242dc11c15c2f156169bc704798568b8cb50d",
      "from": "git://github.com/larrymyers/jasmine-reporters.git#2c7242dc11c15c2f156169bc704798568b8cb50d",
      "requires": {
        "mkdirp": "~0.3.5"
      }
    },
    "kind-of": {
      "version": "3.2.2",
      "resolved": "https://registry.npmjs.org/kind-of/-/kind-of-3.2.2.tgz",
      "integrity": "sha1-MeohpzS6ubuw8yRm2JOupR5KPGQ=",
      "requires": {
        "is-buffer": "^1.1.5"
      }
    },
    "lazy-cache": {
      "version": "1.0.4",
      "resolved": "https://registry.npmjs.org/lazy-cache/-/lazy-cache-1.0.4.tgz",
      "integrity": "sha1-odePw6UEdMuAhF07O24dpJpEbo4="
    },
    "lodash": {
      "version": "4.17.11",
      "resolved": "https://registry.npmjs.org/lodash/-/lodash-4.17.11.tgz",
      "integrity": "sha512-cQKh8igo5QUhZ7lg38DYWAxMvjSAKG0A8wGSVimP07SIUEK2UO+arSRKbRZWtelMtN5V0Hkwh5ryOto/SshYIg=="
    },
    "longest": {
      "version": "1.0.1",
      "resolved": "https://registry.npmjs.org/longest/-/longest-1.0.1.tgz",
      "integrity": "sha1-MKCy2jj3N3DoKUoNIuZiXtd9AJc="
    },
    "lz-string": {
      "version": "1.3.3",
      "resolved": "https://registry.npmjs.org/lz-string/-/lz-string-1.3.3.tgz",
      "integrity": "sha1-S5U/u8912peWkPdVsaDzWysaWpk="
    },
    "minimatch": {
      "version": "3.0.4",
      "resolved": "https://registry.npmjs.org/minimatch/-/minimatch-3.0.4.tgz",
      "integrity": "sha512-yJHVQEhyqPLUTgt9B83PXu6W3rx4MvvHvSUvToogpwoGDOUQ+yDrR0HRot+yOCdCO7u4hX3pWft6kWBBcqh0UA==",
      "requires": {
        "brace-expansion": "^1.1.7"
      }
    },
    "minimist": {
      "version": "0.0.10",
      "resolved": "http://registry.npmjs.org/minimist/-/minimist-0.0.10.tgz",
      "integrity": "sha1-3j+YVD2/lggr5IrRoMfNqDYwHc8="
    },
    "mkdirp": {
      "version": "0.3.5",
      "resolved": "http://registry.npmjs.org/mkdirp/-/mkdirp-0.3.5.tgz",
      "integrity": "sha1-3j5fiWHIjHh+4TaN+EmsRBPsqNc="
    },
    "nan": {
      "version": "2.7.0",
      "resolved": "https://registry.npmjs.org/nan/-/nan-2.7.0.tgz",
      "integrity": "sha1-2Vv3IeyHfgjbJ27T/G63j5CDrUY="
    },
    "node-phantom-simple": {
      "version": "2.0.5",
      "resolved": "https://registry.npmjs.org/node-phantom-simple/-/node-phantom-simple-2.0.5.tgz",
      "integrity": "sha1-pH+jE0SxNHuNvVFNo/ouNZK/A6w="
    },
    "once": {
      "version": "1.4.0",
      "resolved": "https://registry.npmjs.org/once/-/once-1.4.0.tgz",
      "integrity": "sha1-WDsap3WWHUsROsF9nFC6753Xa9E=",
      "requires": {
        "wrappy": "1"
      }
    },
    "openmath-js": {
      "version": "1.1.0",
      "resolved": "https://registry.npmjs.org/openmath-js/-/openmath-js-1.1.0.tgz",
      "integrity": "sha512-9KNsN9KY0nOXWy7DK8Sfmjgp24M776PYjKObViz5QyWfaarIg4z8JmYcB/4Fq657TYcTVUDjl6EHXMin3Jhq+w==",
      "requires": {
        "coffee-script": "1.8.0",
        "jasmine-node": "1.15.0"
      },
      "dependencies": {
        "coffeescript": {
          "version": "2.3.2",
          "resolved": "https://registry.npmjs.org/coffeescript/-/coffeescript-2.3.2.tgz",
          "integrity": "sha512-YObiFDoukx7qPBi/K0kUKyntEZDfBQiqs/DbrR1xzASKOBjGT7auD85/DiPeRr9k++lRj7l3uA9TNMLfyfcD/Q=="
        },
        "jasmine-node": {
          "version": "1.15.0",
          "resolved": "https://registry.npmjs.org/jasmine-node/-/jasmine-node-1.15.0.tgz",
          "integrity": "sha512-W8ehdkjov8kaVEdGmqmfobuJk04NmYarfVKAl/HUeVsCxP+E25pcW+l6Y46yXMthjj+3Qi3gaWkC+LU8toqa2w==",
          "requires": {
            "coffeescript": ">=1.0.1",
            "gaze": "~1.1.2",
            "jasmine-growl-reporter": "~1.0.1",
            "jasmine-reporters": "~1.0.0",
            "mkdirp": "~0.3.5",
            "requirejs": ">=0.27.1",
            "underscore": ">= 1.3.1",
            "walkdir": ">= 0.0.1"
          }
        },
        "jasmine-reporters": {
          "version": "1.0.2",
          "resolved": "https://registry.npmjs.org/jasmine-reporters/-/jasmine-reporters-1.0.2.tgz",
          "integrity": "sha1-q2E+1Zd9x0h+hbPBL2qOqNsq3jE=",
          "requires": {
            "mkdirp": "~0.3.5"
          }
        }
      }
    },
    "path-is-absolute": {
      "version": "1.0.1",
      "resolved": "https://registry.npmjs.org/path-is-absolute/-/path-is-absolute-1.0.1.tgz",
      "integrity": "sha1-F0uSaHNVNP+8es5r9TpanhtcX18="
    },
    "repeat-string": {
      "version": "1.6.1",
      "resolved": "https://registry.npmjs.org/repeat-string/-/repeat-string-1.6.1.tgz",
      "integrity": "sha1-jcrkcOHIirwtYA//Sndihtp15jc="
    },
    "requirejs": {
      "version": "2.3.6",
      "resolved": "https://registry.npmjs.org/requirejs/-/requirejs-2.3.6.tgz",
      "integrity": "sha512-ipEzlWQe6RK3jkzikgCupiTbTvm4S0/CAU5GlgptkN5SO6F3u0UD0K18wy6ErDqiCyP4J4YYe1HuAShvsxePLg=="
    },
    "right-align": {
      "version": "0.1.3",
      "resolved": "https://registry.npmjs.org/right-align/-/right-align-0.1.3.tgz",
      "integrity": "sha1-YTObci/mo1FWiSENJOFMlhSGE+8=",
      "requires": {
        "align-text": "^0.1.1"
      }
    },
    "source-map": {
      "version": "0.5.7",
      "resolved": "https://registry.npmjs.org/source-map/-/source-map-0.5.7.tgz",
      "integrity": "sha1-igOdLRAh0i0eoUyA2OpGi6LvP8w="
    },
    "uglify-js": {
      "version": "2.6.4",
      "resolved": "http://registry.npmjs.org/uglify-js/-/uglify-js-2.6.4.tgz",
      "integrity": "sha1-ZeovswWck5RpLxX+2HwrNsFrmt8=",
      "requires": {
        "async": "~0.2.6",
        "source-map": "~0.5.1",
        "uglify-to-browserify": "~1.0.0",
        "yargs": "~3.10.0"
      }
    },
    "uglify-to-browserify": {
      "version": "1.0.2",
      "resolved": "https://registry.npmjs.org/uglify-to-browserify/-/uglify-to-browserify-1.0.2.tgz",
      "integrity": "sha1-bgkk1r2mta/jSeOabWMoUKD4grc="
    },
    "underscore": {
      "version": "1.6.0",
      "resolved": "https://registry.npmjs.org/underscore/-/underscore-1.6.0.tgz",
      "integrity": "sha1-izixDKze9jM3uLJOT/htRa6lKag="
    },
    "walkdir": {
      "version": "0.0.12",
      "resolved": "https://registry.npmjs.org/walkdir/-/walkdir-0.0.12.tgz",
      "integrity": "sha512-HFhaD4mMWPzFSqhpyDG48KDdrjfn409YQuVW7ckZYhW4sE87mYtWifdB/+73RA7+p4s4K18n5Jfx1kHthE1gBw=="
    },
    "webworker-threads": {
      "version": "0.7.13",
      "resolved": "https://registry.npmjs.org/webworker-threads/-/webworker-threads-0.7.13.tgz",
      "integrity": "sha1-yEsYtrokElu503NC5E3rgVFi+4M=",
      "requires": {
        "bindings": "^1.2.1",
        "nan": "^2.4.0"
      }
    },
    "window-size": {
      "version": "0.1.0",
      "resolved": "https://registry.npmjs.org/window-size/-/window-size-0.1.0.tgz",
      "integrity": "sha1-VDjNLqk7IC76Ohn+iIeu58lPnJ0="
    },
    "wordwrap": {
      "version": "0.0.2",
      "resolved": "https://registry.npmjs.org/wordwrap/-/wordwrap-0.0.2.tgz",
      "integrity": "sha1-t5Zpu0LstAn4PVg8rVLKF+qhZD8="
    },
    "wrappy": {
      "version": "1.0.2",
      "resolved": "https://registry.npmjs.org/wrappy/-/wrappy-1.0.2.tgz",
      "integrity": "sha1-tSQ9jz7BqjXxNkYFvA0QNuMKtp8="
    },
    "xml2js": {
      "version": "0.4.1",
      "resolved": "https://registry.npmjs.org/xml2js/-/xml2js-0.4.1.tgz",
      "integrity": "sha1-3uBjAXOlxupieX+EhhX9Vca8aZI=",
      "requires": {
        "sax": "0.5.x",
        "xmlbuilder": ">=0.4.2"
      },
      "dependencies": {
        "sax": {
          "version": "0.5.8",
          "resolved": "https://registry.npmjs.org/sax/-/sax-0.5.8.tgz",
          "integrity": "sha1-1HLbIo6zMcJQaw6MFVJK25OdEsE="
        }
      }
    },
    "xmlbuilder": {
      "version": "10.1.0",
      "resolved": "https://registry.npmjs.org/xmlbuilder/-/xmlbuilder-10.1.0.tgz",
      "integrity": "sha512-In21jFWiaulS7Cmw1fPT1Lm7g7L6ml/uwZNAaKlDZc78szm3pn5oH9gizH7sh1h2GGRb3OkL5kLCeMEENEnZwA=="
    },
    "yargs": {
      "version": "3.10.0",
      "resolved": "http://registry.npmjs.org/yargs/-/yargs-3.10.0.tgz",
      "integrity": "sha1-9+572FfdfB0tOMDnTvvWgdFDH9E=",
      "requires": {
        "camelcase": "^1.0.2",
        "cliui": "^2.1.0",
        "decamelize": "^1.0.0",
        "window-size": "0.1.0"
      }
    }
  }
}
